
Microsoft Visual Studio Solution File, Format Version 10.00
# Visual Studio 2008
Project("{FAE04EC0-301F-11D3-BF4B-00C04F79EFBC}") = "crass", "crass\crass.csproj", "{7CEAA8B7-B2E6-44AF-9DE5-DC743F12DC6D}"
EndProject
Global
	GlobalSection(SolutionConfigurationPlatforms) = preSolution
		Debug|Any CPU = Debug|Any CPU
		Release|Any CPU = Release|Any CPU
	EndGlobalSection
	GlobalSection(ProjectConfigurationPlatforms) = postSolution
		{7CEAA8B7-B2E6-44AF-9DE5-DC743F12DC6D}.Debug|Any CPU.ActiveCfg = Debug|Any CPU
		{7CEAA8B7-B2E6-44AF-9DE5-DC743F12DC6D}.Debug|Any CPU.Build.0 = Debug|Any CPU
		{7CEAA8B7-B2E6-44AF-9DE5-DC743F12DC6D}.Release|Any CPU.ActiveCfg = Release|Any CPU
		{7CEAA8B7-B2E6-44AF-9DE5-DC743F12DC6D}.Release|Any CPU.Build.0 = Release|Any CPU
	EndGlobalSection
	GlobalSection(SolutionProperties) = preSolution
		HideSolutionNode = FALSE
	EndGlobalSection
EndGlobal
