
Microsoft Visual Studio Solution File, Format Version 10.00
# Visual Studio 2008
Project("{8BC9CEB8-8B4A-11D0-8D11-00A0C91BC942}") = "PnkNetDecryptLoader", "PnkNetDecryptLoader\PnkNetDecryptLoader.vcproj", "{EA028E66-9869-4995-88BA-449C64BCB021}"
EndProject
Global
	GlobalSection(SolutionConfigurationPlatforms) = preSolution
		Debug|Win32 = Debug|Win32
		Release|Win32 = Release|Win32
	EndGlobalSection
	GlobalSection(ProjectConfigurationPlatforms) = postSolution
		{EA028E66-9869-4995-88BA-449C64BCB021}.Debug|Win32.ActiveCfg = Debug|Win32
		{EA028E66-9869-4995-88BA-449C64BCB021}.Debug|Win32.Build.0 = Debug|Win32
		{EA028E66-9869-4995-88BA-449C64BCB021}.Release|Win32.ActiveCfg = Release|Win32
		{EA028E66-9869-4995-88BA-449C64BCB021}.Release|Win32.Build.0 = Release|Win32
	EndGlobalSection
	GlobalSection(SolutionProperties) = preSolution
		HideSolutionNode = FALSE
	EndGlobalSection
EndGlobal
